
Microsoft Visual Studio Solution File, Format Version 12.00
# Visual Studio 15
VisualStudioVersion = 15.0.27703.2026
MinimumVisualStudioVersion = 10.0.40219.1
Project("{E24C65DC-7377-472B-9ABA-BC803B73C61A}") = "formograph", ".", "{3DAA4028-69E2-484A-878C-ED3016F2924C}"
	ProjectSection(WebsiteProperties) = preProject
		TargetFrameworkMoniker = ".NETFramework,Version%3Dv4.0"
		Debug.AspNetCompiler.VirtualPath = "/localhost_20239"
		Debug.AspNetCompiler.PhysicalPath = "..\formograph\"
		Debug.AspNetCompiler.TargetPath = "PrecompiledWeb\localhost_20239\"
		Debug.AspNetCompiler.Updateable = "true"
		Debug.AspNetCompiler.ForceOverwrite = "true"
		Debug.AspNetCompiler.FixedNames = "false"
		Debug.AspNetCompiler.Debug = "True"
		Release.AspNetCompiler.VirtualPath = "/localhost_20239"
		Release.AspNetCompiler.PhysicalPath = "..\formograph\"
		Release.AspNetCompiler.TargetPath = "PrecompiledWeb\localhost_20239\"
		Release.AspNetCompiler.Updateable = "true"
		Release.AspNetCompiler.ForceOverwrite = "true"
		Release.AspNetCompiler.FixedNames = "false"
		Release.AspNetCompiler.Debug = "False"
		VWDPort = "20239"
	EndProjectSection
EndProject
Global
	GlobalSection(SolutionConfigurationPlatforms) = preSolution
		Debug|Any CPU = Debug|Any CPU
	EndGlobalSection
	GlobalSection(ProjectConfigurationPlatforms) = postSolution
		{3DAA4028-69E2-484A-878C-ED3016F2924C}.Debug|Any CPU.ActiveCfg = Debug|Any CPU
		{3DAA4028-69E2-484A-878C-ED3016F2924C}.Debug|Any CPU.Build.0 = Debug|Any CPU
	EndGlobalSection
	GlobalSection(SolutionProperties) = preSolution
		HideSolutionNode = FALSE
	EndGlobalSection
	GlobalSection(ExtensibilityGlobals) = postSolution
		SolutionGuid = {F1834AC8-679D-4B73-B824-EC30F755A8BA}
	EndGlobalSection
EndGlobal
